
Microsoft Visual Studio Solution File, Format Version 12.00
# Visual Studio Version 16
VisualStudioVersion = 16.0.29409.12
MinimumVisualStudioVersion = 10.0.40219.1
Project("{2150E333-8FDC-42A3-9474-1A3956D46DE8}") = "LangAdabters", "LangAdabters", "{D523C4A8-EA26-4FEB-83CF-488281CA872B}"
EndProject
Project("{2150E333-8FDC-42A3-9474-1A3956D46DE8}") = "Templates", "Templates", "{DA616A29-D58B-4E18-96FF-D9D51A164F2A}"
EndProject
Project("{2150E333-8FDC-42A3-9474-1A3956D46DE8}") = "Middlewares", "Middlewares", "{24451CA1-5ECD-4C4E-8F21-3683F81E91D6}"
EndProject
Project("{2150E333-8FDC-42A3-9474-1A3956D46DE8}") = "Application", "Application", "{91E2A265-6E28-462E-8493-8375F508BA37}"
EndProject
Project("{2150E333-8FDC-42A3-9474-1A3956D46DE8}") = "Domain", "Domain", "{AA12526C-8007-4744-8A29-CF5A9035E21B}"
EndProject
Project("{2150E333-8FDC-42A3-9474-1A3956D46DE8}") = "Infrastructure", "Infrastructure", "{1F62F248-2199-483E-B914-062B8764FDB8}"
EndProject
Project("{9A19103F-16F7-4668-BE54-9A1E7A4F7556}") = "CDOM", "Domain\CDOM\CDOM.csproj", "{7CBAA0CC-7ABD-4592-AF4F-F7B4FFDF0DA8}"
EndProject
Project("{9A19103F-16F7-4668-BE54-9A1E7A4F7556}") = "MSL", "Domain\MSL\MSL.csproj", "{57B89CC1-D4D2-4AFF-AD5A-670D78013B54}"
EndProject
Project("{9A19103F-16F7-4668-BE54-9A1E7A4F7556}") = "MSL.QueryBuilder", "Domain\MSL.QueryBuilder\MSL.QueryBuilder.csproj", "{2F271B06-1F2D-4A10-9F02-9883643C5F28}"
EndProject
Project("{9A19103F-16F7-4668-BE54-9A1E7A4F7556}") = "Pipline", "Application\Pipline\Pipline.csproj", "{0D47BBA7-F279-4EDB-9F01-5D1CD444A3D5}"
EndProject
Project("{9A19103F-16F7-4668-BE54-9A1E7A4F7556}") = "Services", "Application\Services\Services.csproj", "{8CBB4746-6EB7-4BDA-AC99-192EC24C82CA}"
EndProject
Project("{9A19103F-16F7-4668-BE54-9A1E7A4F7556}") = "CodeGenerator", "Application\Middlewares\CodeGenerator\CodeGenerator.csproj", "{BD37DC5D-FF23-409C-93B6-52F6F1023C19}"
EndProject
Project("{9A19103F-16F7-4668-BE54-9A1E7A4F7556}") = "CSharpLangAdabter", "Infrastructure\LangAdabters\CSharpLangAdabter\CSharpLangAdabter\CSharpLangAdabter.csproj", "{E4B6A36A-810A-4F5F-8E17-E1C6C8FEDDDC}"
EndProject
Project("{9A19103F-16F7-4668-BE54-9A1E7A4F7556}") = "Template.Helpers", "Infrastructure\Templates\Template.Helpers\Template.Helpers.csproj", "{11C11E42-63FD-4A27-B970-3B0878BB3DB4}"
EndProject
Project("{9A19103F-16F7-4668-BE54-9A1E7A4F7556}") = "Template1", "Infrastructure\Templates\Template1\Template1.csproj", "{7E019BD6-0797-4283-93AB-77DB98693E15}"
EndProject
Global
	GlobalSection(SolutionConfigurationPlatforms) = preSolution
		Debug|Any CPU = Debug|Any CPU
		Release|Any CPU = Release|Any CPU
	EndGlobalSection
	GlobalSection(ProjectConfigurationPlatforms) = postSolution
		{7CBAA0CC-7ABD-4592-AF4F-F7B4FFDF0DA8}.Debug|Any CPU.ActiveCfg = Debug|Any CPU
		{7CBAA0CC-7ABD-4592-AF4F-F7B4FFDF0DA8}.Debug|Any CPU.Build.0 = Debug|Any CPU
		{7CBAA0CC-7ABD-4592-AF4F-F7B4FFDF0DA8}.Release|Any CPU.ActiveCfg = Release|Any CPU
		{7CBAA0CC-7ABD-4592-AF4F-F7B4FFDF0DA8}.Release|Any CPU.Build.0 = Release|Any CPU
		{57B89CC1-D4D2-4AFF-AD5A-670D78013B54}.Debug|Any CPU.ActiveCfg = Debug|Any CPU
		{57B89CC1-D4D2-4AFF-AD5A-670D78013B54}.Debug|Any CPU.Build.0 = Debug|Any CPU
		{57B89CC1-D4D2-4AFF-AD5A-670D78013B54}.Release|Any CPU.ActiveCfg = Release|Any CPU
		{57B89CC1-D4D2-4AFF-AD5A-670D78013B54}.Release|Any CPU.Build.0 = Release|Any CPU
		{2F271B06-1F2D-4A10-9F02-9883643C5F28}.Debug|Any CPU.ActiveCfg = Debug|Any CPU
		{2F271B06-1F2D-4A10-9F02-9883643C5F28}.Debug|Any CPU.Build.0 = Debug|Any CPU
		{2F271B06-1F2D-4A10-9F02-9883643C5F28}.Release|Any CPU.ActiveCfg = Release|Any CPU
		{2F271B06-1F2D-4A10-9F02-9883643C5F28}.Release|Any CPU.Build.0 = Release|Any CPU
		{0D47BBA7-F279-4EDB-9F01-5D1CD444A3D5}.Debug|Any CPU.ActiveCfg = Debug|Any CPU
		{0D47BBA7-F279-4EDB-9F01-5D1CD444A3D5}.Debug|Any CPU.Build.0 = Debug|Any CPU
		{0D47BBA7-F279-4EDB-9F01-5D1CD444A3D5}.Release|Any CPU.ActiveCfg = Release|Any CPU
		{0D47BBA7-F279-4EDB-9F01-5D1CD444A3D5}.Release|Any CPU.Build.0 = Release|Any CPU
		{8CBB4746-6EB7-4BDA-AC99-192EC24C82CA}.Debug|Any CPU.ActiveCfg = Debug|Any CPU
		{8CBB4746-6EB7-4BDA-AC99-192EC24C82CA}.Debug|Any CPU.Build.0 = Debug|Any CPU
		{8CBB4746-6EB7-4BDA-AC99-192EC24C82CA}.Release|Any CPU.ActiveCfg = Release|Any CPU
		{8CBB4746-6EB7-4BDA-AC99-192EC24C82CA}.Release|Any CPU.Build.0 = Release|Any CPU
		{BD37DC5D-FF23-409C-93B6-52F6F1023C19}.Debug|Any CPU.ActiveCfg = Debug|Any CPU
		{BD37DC5D-FF23-409C-93B6-52F6F1023C19}.Debug|Any CPU.Build.0 = Debug|Any CPU
		{BD37DC5D-FF23-409C-93B6-52F6F1023C19}.Release|Any CPU.ActiveCfg = Release|Any CPU
		{BD37DC5D-FF23-409C-93B6-52F6F1023C19}.Release|Any CPU.Build.0 = Release|Any CPU
		{E4B6A36A-810A-4F5F-8E17-E1C6C8FEDDDC}.Debug|Any CPU.ActiveCfg = Debug|Any CPU
		{E4B6A36A-810A-4F5F-8E17-E1C6C8FEDDDC}.Debug|Any CPU.Build.0 = Debug|Any CPU
		{E4B6A36A-810A-4F5F-8E17-E1C6C8FEDDDC}.Release|Any CPU.ActiveCfg = Release|Any CPU
		{E4B6A36A-810A-4F5F-8E17-E1C6C8FEDDDC}.Release|Any CPU.Build.0 = Release|Any CPU
		{11C11E42-63FD-4A27-B970-3B0878BB3DB4}.Debug|Any CPU.ActiveCfg = Debug|Any CPU
		{11C11E42-63FD-4A27-B970-3B0878BB3DB4}.Debug|Any CPU.Build.0 = Debug|Any CPU
		{11C11E42-63FD-4A27-B970-3B0878BB3DB4}.Release|Any CPU.ActiveCfg = Release|Any CPU
		{11C11E42-63FD-4A27-B970-3B0878BB3DB4}.Release|Any CPU.Build.0 = Release|Any CPU
		{7E019BD6-0797-4283-93AB-77DB98693E15}.Debug|Any CPU.ActiveCfg = Debug|Any CPU
		{7E019BD6-0797-4283-93AB-77DB98693E15}.Debug|Any CPU.Build.0 = Debug|Any CPU
		{7E019BD6-0797-4283-93AB-77DB98693E15}.Release|Any CPU.ActiveCfg = Release|Any CPU
		{7E019BD6-0797-4283-93AB-77DB98693E15}.Release|Any CPU.Build.0 = Release|Any CPU
	EndGlobalSection
	GlobalSection(SolutionProperties) = preSolution
		HideSolutionNode = FALSE
	EndGlobalSection
	GlobalSection(NestedProjects) = preSolution
		{D523C4A8-EA26-4FEB-83CF-488281CA872B} = {1F62F248-2199-483E-B914-062B8764FDB8}
		{DA616A29-D58B-4E18-96FF-D9D51A164F2A} = {1F62F248-2199-483E-B914-062B8764FDB8}
		{24451CA1-5ECD-4C4E-8F21-3683F81E91D6} = {91E2A265-6E28-462E-8493-8375F508BA37}
		{7CBAA0CC-7ABD-4592-AF4F-F7B4FFDF0DA8} = {AA12526C-8007-4744-8A29-CF5A9035E21B}
		{57B89CC1-D4D2-4AFF-AD5A-670D78013B54} = {AA12526C-8007-4744-8A29-CF5A9035E21B}
		{2F271B06-1F2D-4A10-9F02-9883643C5F28} = {AA12526C-8007-4744-8A29-CF5A9035E21B}
		{0D47BBA7-F279-4EDB-9F01-5D1CD444A3D5} = {91E2A265-6E28-462E-8493-8375F508BA37}
		{8CBB4746-6EB7-4BDA-AC99-192EC24C82CA} = {91E2A265-6E28-462E-8493-8375F508BA37}
		{BD37DC5D-FF23-409C-93B6-52F6F1023C19} = {24451CA1-5ECD-4C4E-8F21-3683F81E91D6}
		{E4B6A36A-810A-4F5F-8E17-E1C6C8FEDDDC} = {D523C4A8-EA26-4FEB-83CF-488281CA872B}
		{11C11E42-63FD-4A27-B970-3B0878BB3DB4} = {DA616A29-D58B-4E18-96FF-D9D51A164F2A}
		{7E019BD6-0797-4283-93AB-77DB98693E15} = {DA616A29-D58B-4E18-96FF-D9D51A164F2A}
	EndGlobalSection
	GlobalSection(ExtensibilityGlobals) = postSolution
		SolutionGuid = {9DF7825D-15DA-43D6-8EB4-1DCE13F1B8F4}
	EndGlobalSection
EndGlobal
